
Microsoft Visual Studio Solution File, Format Version 12.00
# Visual Studio Version 17
VisualStudioVersion = 17.7.34221.43
MinimumVisualStudioVersion = 10.0.40219.1
Project("{FAE04EC0-301F-11D3-BF4B-00C04F79EFBC}") = "TestPortal", "TestPortal\TestPortal.csproj", "{09AA26BA-17B1-4D12-8B15-ED6EF97668C5}"
EndProject
Global
	GlobalSection(SolutionConfigurationPlatforms) = preSolution
		Debug|Any CPU = Debug|Any CPU
		Release|Any CPU = Release|Any CPU
	EndGlobalSection
	GlobalSection(ProjectConfigurationPlatforms) = postSolution
		{09AA26BA-17B1-4D12-8B15-ED6EF97668C5}.Debug|Any CPU.ActiveCfg = Debug|Any CPU
		{09AA26BA-17B1-4D12-8B15-ED6EF97668C5}.Debug|Any CPU.Build.0 = Debug|Any CPU
		{09AA26BA-17B1-4D12-8B15-ED6EF97668C5}.Release|Any CPU.ActiveCfg = Release|Any CPU
		{09AA26BA-17B1-4D12-8B15-ED6EF97668C5}.Release|Any CPU.Build.0 = Release|Any CPU
	EndGlobalSection
	GlobalSection(SolutionProperties) = preSolution
		HideSolutionNode = FALSE
	EndGlobalSection
	GlobalSection(ExtensibilityGlobals) = postSolution
		SolutionGuid = {14C4D267-CAF2-470D-BFF8-DF9BFFE42637}
	EndGlobalSection
EndGlobal
